
Microsoft Visual Studio Solution File, Format Version 12.00
# Visual Studio Version 16
VisualStudioVersion = 16.0.30711.63
MinimumVisualStudioVersion = 10.0.40219.1
Project("{FAE04EC0-301F-11D3-BF4B-00C04F79EFBC}") = "VisualVideoCompareTool", "VisualVideoCompareTool.csproj", "{23A0E823-6B99-4F9B-96E3-5CE65C70B620}"
EndProject
Project("{C7167F0D-BC9F-4E6E-AFE1-012C56B48DB5}") = "RCT", "..\WapProjTemplate1\RCT.wapproj", "{47FC37A9-F46E-499F-8E8F-CBA6321268BD}"
EndProject
Project("{8BC9CEB8-8B4A-11D0-8D11-00A0C91BC942}") = "PTSExtractionWRT", "..\PTSExtractionWRT\PTSExtractionWRT.vcxproj", "{90CE6D09-16F1-4006-88F7-287A764EFB0C}"
EndProject
Global
	GlobalSection(SolutionConfigurationPlatforms) = preSolution
		Debug|Any CPU = Debug|Any CPU
		Debug|ARM = Debug|ARM
		Debug|ARM64 = Debug|ARM64
		Debug|x64 = Debug|x64
		Debug|x86 = Debug|x86
		Release|Any CPU = Release|Any CPU
		Release|ARM = Release|ARM
		Release|ARM64 = Release|ARM64
		Release|x64 = Release|x64
		Release|x86 = Release|x86
	EndGlobalSection
	GlobalSection(ProjectConfigurationPlatforms) = postSolution
		{23A0E823-6B99-4F9B-96E3-5CE65C70B620}.Debug|Any CPU.ActiveCfg = Debug|x86
		{23A0E823-6B99-4F9B-96E3-5CE65C70B620}.Debug|ARM.ActiveCfg = Debug|ARM
		{23A0E823-6B99-4F9B-96E3-5CE65C70B620}.Debug|ARM.Build.0 = Debug|ARM
		{23A0E823-6B99-4F9B-96E3-5CE65C70B620}.Debug|ARM.Deploy.0 = Debug|ARM
		{23A0E823-6B99-4F9B-96E3-5CE65C70B620}.Debug|ARM64.ActiveCfg = Debug|ARM64
		{23A0E823-6B99-4F9B-96E3-5CE65C70B620}.Debug|ARM64.Build.0 = Debug|ARM64
		{23A0E823-6B99-4F9B-96E3-5CE65C70B620}.Debug|ARM64.Deploy.0 = Debug|ARM64
		{23A0E823-6B99-4F9B-96E3-5CE65C70B620}.Debug|x64.ActiveCfg = Debug|x64
		{23A0E823-6B99-4F9B-96E3-5CE65C70B620}.Debug|x64.Build.0 = Debug|x64
		{23A0E823-6B99-4F9B-96E3-5CE65C70B620}.Debug|x64.Deploy.0 = Debug|x64
		{23A0E823-6B99-4F9B-96E3-5CE65C70B620}.Debug|x86.ActiveCfg = Debug|x86
		{23A0E823-6B99-4F9B-96E3-5CE65C70B620}.Debug|x86.Build.0 = Debug|x86
		{23A0E823-6B99-4F9B-96E3-5CE65C70B620}.Debug|x86.Deploy.0 = Debug|x86
		{23A0E823-6B99-4F9B-96E3-5CE65C70B620}.Release|Any CPU.ActiveCfg = Release|x86
		{23A0E823-6B99-4F9B-96E3-5CE65C70B620}.Release|ARM.ActiveCfg = Release|ARM
		{23A0E823-6B99-4F9B-96E3-5CE65C70B620}.Release|ARM.Build.0 = Release|ARM
		{23A0E823-6B99-4F9B-96E3-5CE65C70B620}.Release|ARM.Deploy.0 = Release|ARM
		{23A0E823-6B99-4F9B-96E3-5CE65C70B620}.Release|ARM64.ActiveCfg = Release|ARM64
		{23A0E823-6B99-4F9B-96E3-5CE65C70B620}.Release|ARM64.Build.0 = Release|ARM64
		{23A0E823-6B99-4F9B-96E3-5CE65C70B620}.Release|ARM64.Deploy.0 = Release|ARM64
		{23A0E823-6B99-4F9B-96E3-5CE65C70B620}.Release|x64.ActiveCfg = Release|x64
		{23A0E823-6B99-4F9B-96E3-5CE65C70B620}.Release|x64.Build.0 = Release|x64
		{23A0E823-6B99-4F9B-96E3-5CE65C70B620}.Release|x64.Deploy.0 = Release|x64
		{23A0E823-6B99-4F9B-96E3-5CE65C70B620}.Release|x86.ActiveCfg = Release|x86
		{23A0E823-6B99-4F9B-96E3-5CE65C70B620}.Release|x86.Build.0 = Release|x86
		{23A0E823-6B99-4F9B-96E3-5CE65C70B620}.Release|x86.Deploy.0 = Release|x86
		{47FC37A9-F46E-499F-8E8F-CBA6321268BD}.Debug|Any CPU.ActiveCfg = Debug|Any CPU
		{47FC37A9-F46E-499F-8E8F-CBA6321268BD}.Debug|Any CPU.Build.0 = Debug|Any CPU
		{47FC37A9-F46E-499F-8E8F-CBA6321268BD}.Debug|Any CPU.Deploy.0 = Debug|Any CPU
		{47FC37A9-F46E-499F-8E8F-CBA6321268BD}.Debug|ARM.ActiveCfg = Debug|ARM
		{47FC37A9-F46E-499F-8E8F-CBA6321268BD}.Debug|ARM.Build.0 = Debug|ARM
		{47FC37A9-F46E-499F-8E8F-CBA6321268BD}.Debug|ARM.Deploy.0 = Debug|ARM
		{47FC37A9-F46E-499F-8E8F-CBA6321268BD}.Debug|ARM64.ActiveCfg = Debug|ARM64
		{47FC37A9-F46E-499F-8E8F-CBA6321268BD}.Debug|ARM64.Build.0 = Debug|ARM64
		{47FC37A9-F46E-499F-8E8F-CBA6321268BD}.Debug|ARM64.Deploy.0 = Debug|ARM64
		{47FC37A9-F46E-499F-8E8F-CBA6321268BD}.Debug|x64.ActiveCfg = Debug|x64
		{47FC37A9-F46E-499F-8E8F-CBA6321268BD}.Debug|x64.Build.0 = Debug|x64
		{47FC37A9-F46E-499F-8E8F-CBA6321268BD}.Debug|x64.Deploy.0 = Debug|x64
		{47FC37A9-F46E-499F-8E8F-CBA6321268BD}.Debug|x86.ActiveCfg = Debug|x86
		{47FC37A9-F46E-499F-8E8F-CBA6321268BD}.Debug|x86.Build.0 = Debug|x86
		{47FC37A9-F46E-499F-8E8F-CBA6321268BD}.Debug|x86.Deploy.0 = Debug|x86
		{47FC37A9-F46E-499F-8E8F-CBA6321268BD}.Release|Any CPU.ActiveCfg = Release|Any CPU
		{47FC37A9-F46E-499F-8E8F-CBA6321268BD}.Release|Any CPU.Build.0 = Release|Any CPU
		{47FC37A9-F46E-499F-8E8F-CBA6321268BD}.Release|Any CPU.Deploy.0 = Release|Any CPU
		{47FC37A9-F46E-499F-8E8F-CBA6321268BD}.Release|ARM.ActiveCfg = Release|ARM
		{47FC37A9-F46E-499F-8E8F-CBA6321268BD}.Release|ARM.Build.0 = Release|ARM
		{47FC37A9-F46E-499F-8E8F-CBA6321268BD}.Release|ARM.Deploy.0 = Release|ARM
		{47FC37A9-F46E-499F-8E8F-CBA6321268BD}.Release|ARM64.ActiveCfg = Release|ARM64
		{47FC37A9-F46E-499F-8E8F-CBA6321268BD}.Release|ARM64.Build.0 = Release|ARM64
		{47FC37A9-F46E-499F-8E8F-CBA6321268BD}.Release|ARM64.Deploy.0 = Release|ARM64
		{47FC37A9-F46E-499F-8E8F-CBA6321268BD}.Release|x64.ActiveCfg = Release|x64
		{47FC37A9-F46E-499F-8E8F-CBA6321268BD}.Release|x64.Build.0 = Release|x64
		{47FC37A9-F46E-499F-8E8F-CBA6321268BD}.Release|x64.Deploy.0 = Release|x64
		{47FC37A9-F46E-499F-8E8F-CBA6321268BD}.Release|x86.ActiveCfg = Release|x86
		{47FC37A9-F46E-499F-8E8F-CBA6321268BD}.Release|x86.Build.0 = Release|x86
		{47FC37A9-F46E-499F-8E8F-CBA6321268BD}.Release|x86.Deploy.0 = Release|x86
		{90CE6D09-16F1-4006-88F7-287A764EFB0C}.Debug|Any CPU.ActiveCfg = Debug|Win32
		{90CE6D09-16F1-4006-88F7-287A764EFB0C}.Debug|ARM.ActiveCfg = Debug|Win32
		{90CE6D09-16F1-4006-88F7-287A764EFB0C}.Debug|ARM64.ActiveCfg = Debug|Win32
		{90CE6D09-16F1-4006-88F7-287A764EFB0C}.Debug|x64.ActiveCfg = Debug|x64
		{90CE6D09-16F1-4006-88F7-287A764EFB0C}.Debug|x64.Build.0 = Debug|x64
		{90CE6D09-16F1-4006-88F7-287A764EFB0C}.Debug|x86.ActiveCfg = Debug|Win32
		{90CE6D09-16F1-4006-88F7-287A764EFB0C}.Debug|x86.Build.0 = Debug|Win32
		{90CE6D09-16F1-4006-88F7-287A764EFB0C}.Release|Any CPU.ActiveCfg = Release|Win32
		{90CE6D09-16F1-4006-88F7-287A764EFB0C}.Release|ARM.ActiveCfg = Release|Win32
		{90CE6D09-16F1-4006-88F7-287A764EFB0C}.Release|ARM64.ActiveCfg = Release|Win32
		{90CE6D09-16F1-4006-88F7-287A764EFB0C}.Release|x64.ActiveCfg = Release|x64
		{90CE6D09-16F1-4006-88F7-287A764EFB0C}.Release|x64.Build.0 = Release|x64
		{90CE6D09-16F1-4006-88F7-287A764EFB0C}.Release|x86.ActiveCfg = Release|Win32
		{90CE6D09-16F1-4006-88F7-287A764EFB0C}.Release|x86.Build.0 = Release|Win32
	EndGlobalSection
	GlobalSection(SolutionProperties) = preSolution
		HideSolutionNode = FALSE
	EndGlobalSection
	GlobalSection(ExtensibilityGlobals) = postSolution
		SolutionGuid = {307ED81C-5F78-4383-9B3F-228C3C1F3B9D}
	EndGlobalSection
EndGlobal
